// !$*UTF8*$!
{
	archiveVersion = 1;
	classes = {
	};
	objectVersion = 52;
	objects = {

/* Begin PBXBuildFile section */
		8E71460223F35134000C413A /* DashDashSwift in Frameworks */ = {isa = PBXBuildFile; productRef = 8E71460123F35134000C413A /* DashDashSwift */; };
		8EB3DA1323EC84CA00CE4C36 /* main.swift in Sources */ = {isa = PBXBuildFile; fileRef = 8EB3DA1223EC84CA00CE4C36 /* main.swift */; };
		8EB3DA2423EC859100CE4C36 /* FumesTests.swift in Sources */ = {isa = PBXBuildFile; fileRef = 8EB3DA2323EC859100CE4C36 /* FumesTests.swift */; };
		8EB3DA2A23EC863D00CE4C36 /* fixtures in Resources */ = {isa = PBXBuildFile; fileRef = 8EB3DA2923EC863D00CE4C36 /* fixtures */; };
		8EB3DA2C23EC877000CE4C36 /* PaintCodeTranspiler.swift in Sources */ = {isa = PBXBuildFile; fileRef = 8EB3DA2B23EC877000CE4C36 /* PaintCodeTranspiler.swift */; };
		8EB3DA3023EC8C2A00CE4C36 /* PaintCodeTranspiler.swift in Sources */ = {isa = PBXBuildFile; fileRef = 8EB3DA2B23EC877000CE4C36 /* PaintCodeTranspiler.swift */; };
		8EB3DA3223ECAFA700CE4C36 /* Variable.swift in Sources */ = {isa = PBXBuildFile; fileRef = 8EB3DA3123ECAFA700CE4C36 /* Variable.swift */; };
		8EB3DA3323ECAFAA00CE4C36 /* Variable.swift in Sources */ = {isa = PBXBuildFile; fileRef = 8EB3DA3123ECAFA700CE4C36 /* Variable.swift */; };
		8EB3DA3523ECAFDB00CE4C36 /* ColorVariable.swift in Sources */ = {isa = PBXBuildFile; fileRef = 8EB3DA3423ECAFDB00CE4C36 /* ColorVariable.swift */; };
		8EB3DA3623ECAFDD00CE4C36 /* ColorVariable.swift in Sources */ = {isa = PBXBuildFile; fileRef = 8EB3DA3423ECAFDB00CE4C36 /* ColorVariable.swift */; };
		8EB3DA3B23ECB08A00CE4C36 /* TextVariable.swift in Sources */ = {isa = PBXBuildFile; fileRef = 8EB3DA3A23ECB08A00CE4C36 /* TextVariable.swift */; };
		8EB3DA3C23ECB1EA00CE4C36 /* TextVariable.swift in Sources */ = {isa = PBXBuildFile; fileRef = 8EB3DA3A23ECB08A00CE4C36 /* TextVariable.swift */; };
		8EB3DA3E23ECB22900CE4C36 /* FontVariable.swift in Sources */ = {isa = PBXBuildFile; fileRef = 8EB3DA3D23ECB22900CE4C36 /* FontVariable.swift */; };
		8EB3DA3F23ECB22A00CE4C36 /* FontVariable.swift in Sources */ = {isa = PBXBuildFile; fileRef = 8EB3DA3D23ECB22900CE4C36 /* FontVariable.swift */; };
		8EB3DA4423ECC3A200CE4C36 /* PaintCodeTranspilerConfig.swift in Sources */ = {isa = PBXBuildFile; fileRef = 8EB3DA4323ECC3A200CE4C36 /* PaintCodeTranspilerConfig.swift */; };
		8EB3DA4523ECC3A200CE4C36 /* PaintCodeTranspilerConfig.swift in Sources */ = {isa = PBXBuildFile; fileRef = 8EB3DA4323ECC3A200CE4C36 /* PaintCodeTranspilerConfig.swift */; };
/* End PBXBuildFile section */

/* Begin PBXFileReference section */
		8EB3DA0F23EC84CA00CE4C36 /* fumes */ = {isa = PBXFileReference; explicitFileType = "compiled.mach-o.executable"; includeInIndex = 0; path = fumes; sourceTree = BUILT_PRODUCTS_DIR; };
		8EB3DA1223EC84CA00CE4C36 /* main.swift */ = {isa = PBXFileReference; lastKnownFileType = sourcecode.swift; path = main.swift; sourceTree = "<group>"; };
		8EB3DA2123EC859100CE4C36 /* FumesTests.xctest */ = {isa = PBXFileReference; explicitFileType = wrapper.cfbundle; includeInIndex = 0; path = FumesTests.xctest; sourceTree = BUILT_PRODUCTS_DIR; };
		8EB3DA2323EC859100CE4C36 /* FumesTests.swift */ = {isa = PBXFileReference; lastKnownFileType = sourcecode.swift; path = FumesTests.swift; sourceTree = "<group>"; };
		8EB3DA2523EC859100CE4C36 /* Info.plist */ = {isa = PBXFileReference; lastKnownFileType = text.plist.xml; path = Info.plist; sourceTree = "<group>"; };
		8EB3DA2923EC863D00CE4C36 /* fixtures */ = {isa = PBXFileReference; lastKnownFileType = folder; name = fixtures; path = ../../fixtures; sourceTree = "<group>"; };
		8EB3DA2B23EC877000CE4C36 /* PaintCodeTranspiler.swift */ = {isa = PBXFileReference; lastKnownFileType = sourcecode.swift; path = PaintCodeTranspiler.swift; sourceTree = "<group>"; };
		8EB3DA3123ECAFA700CE4C36 /* Variable.swift */ = {isa = PBXFileReference; lastKnownFileType = sourcecode.swift; path = Variable.swift; sourceTree = "<group>"; };
		8EB3DA3423ECAFDB00CE4C36 /* ColorVariable.swift */ = {isa = PBXFileReference; lastKnownFileType = sourcecode.swift; path = ColorVariable.swift; sourceTree = "<group>"; };
		8EB3DA3A23ECB08A00CE4C36 /* TextVariable.swift */ = {isa = PBXFileReference; lastKnownFileType = sourcecode.swift; path = TextVariable.swift; sourceTree = "<group>"; };
		8EB3DA3D23ECB22900CE4C36 /* FontVariable.swift */ = {isa = PBXFileReference; lastKnownFileType = sourcecode.swift; path = FontVariable.swift; sourceTree = "<group>"; };
		8EB3DA4323ECC3A200CE4C36 /* PaintCodeTranspilerConfig.swift */ = {isa = PBXFileReference; fileEncoding = 4; lastKnownFileType = sourcecode.swift; path = PaintCodeTranspilerConfig.swift; sourceTree = "<group>"; };
/* End PBXFileReference section */

/* Begin PBXFrameworksBuildPhase section */
		8EB3DA0C23EC84CA00CE4C36 /* Frameworks */ = {
			isa = PBXFrameworksBuildPhase;
			buildActionMask = 2147483647;
			files = (
				8E71460223F35134000C413A /* DashDashSwift in Frameworks */,
			);
			runOnlyForDeploymentPostprocessing = 0;
		};
		8EB3DA1E23EC859100CE4C36 /* Frameworks */ = {
			isa = PBXFrameworksBuildPhase;
			buildActionMask = 2147483647;
			files = (
			);
			runOnlyForDeploymentPostprocessing = 0;
		};
/* End PBXFrameworksBuildPhase section */

/* Begin PBXGroup section */
		8EB3DA0623EC84CA00CE4C36 = {
			isa = PBXGroup;
			children = (
				8EB3DA1123EC84CA00CE4C36 /* Fumes */,
				8EB3DA2223EC859100CE4C36 /* FumesTests */,
				8EB3DA1023EC84CA00CE4C36 /* Products */,
			);
			sourceTree = "<group>";
		};
		8EB3DA1023EC84CA00CE4C36 /* Products */ = {
			isa = PBXGroup;
			children = (
				8EB3DA0F23EC84CA00CE4C36 /* fumes */,
				8EB3DA2123EC859100CE4C36 /* FumesTests.xctest */,
			);
			name = Products;
			sourceTree = "<group>";
		};
		8EB3DA1123EC84CA00CE4C36 /* Fumes */ = {
			isa = PBXGroup;
			children = (
				8EB3DA1223EC84CA00CE4C36 /* main.swift */,
				8EB3DA4623ECC3AD00CE4C36 /* lib */,
			);
			path = Fumes;
			sourceTree = "<group>";
		};
		8EB3DA2223EC859100CE4C36 /* FumesTests */ = {
			isa = PBXGroup;
			children = (
				8EB3DA2923EC863D00CE4C36 /* fixtures */,
				8EB3DA2323EC859100CE4C36 /* FumesTests.swift */,
				8EB3DA2523EC859100CE4C36 /* Info.plist */,
			);
			path = FumesTests;
			sourceTree = "<group>";
		};
		8EB3DA4623ECC3AD00CE4C36 /* lib */ = {
			isa = PBXGroup;
			children = (
				8EB3DA2B23EC877000CE4C36 /* PaintCodeTranspiler.swift */,
				8EB3DA4323ECC3A200CE4C36 /* PaintCodeTranspilerConfig.swift */,
				8EB3DA3123ECAFA700CE4C36 /* Variable.swift */,
				8EB3DA3423ECAFDB00CE4C36 /* ColorVariable.swift */,
				8EB3DA3A23ECB08A00CE4C36 /* TextVariable.swift */,
				8EB3DA3D23ECB22900CE4C36 /* FontVariable.swift */,
			);
			path = lib;
			sourceTree = "<group>";
		};
/* End PBXGroup section */

/* Begin PBXNativeTarget section */
		8EB3DA0E23EC84CA00CE4C36 /* Fumes */ = {
			isa = PBXNativeTarget;
			buildConfigurationList = 8EB3DA1623EC84CA00CE4C36 /* Build configuration list for PBXNativeTarget "Fumes" */;
			buildPhases = (
				8EB3DA0B23EC84CA00CE4C36 /* Sources */,
				8EB3DA0C23EC84CA00CE4C36 /* Frameworks */,
				8E7D375023F4653E002039C4 /* Copy to ../bin/fumes */,
			);
			buildRules = (
			);
			dependencies = (
			);
			name = Fumes;
			packageProductDependencies = (
				8E71460123F35134000C413A /* DashDashSwift */,
			);
			productName = Fumes;
			productReference = 8EB3DA0F23EC84CA00CE4C36 /* fumes */;
			productType = "com.apple.product-type.tool";
		};
		8EB3DA2023EC859100CE4C36 /* FumesTests */ = {
			isa = PBXNativeTarget;
			buildConfigurationList = 8EB3DA2623EC859100CE4C36 /* Build configuration list for PBXNativeTarget "FumesTests" */;
			buildPhases = (
				8EB3DA1D23EC859100CE4C36 /* Sources */,
				8EB3DA1E23EC859100CE4C36 /* Frameworks */,
				8EB3DA1F23EC859100CE4C36 /* Resources */,
			);
			buildRules = (
			);
			dependencies = (
			);
			name = FumesTests;
			productName = FumesTests;
			productReference = 8EB3DA2123EC859100CE4C36 /* FumesTests.xctest */;
			productType = "com.apple.product-type.bundle.unit-test";
		};
/* End PBXNativeTarget section */

/* Begin PBXProject section */
		8EB3DA0723EC84CA00CE4C36 /* Project object */ = {
			isa = PBXProject;
			attributes = {
				LastSwiftUpdateCheck = 1110;
				LastUpgradeCheck = 1110;
				ORGANIZATIONNAME = "Better Notes, LLC";
				TargetAttributes = {
					8EB3DA0E23EC84CA00CE4C36 = {
						CreatedOnToolsVersion = 11.1;
					};
					8EB3DA2023EC859100CE4C36 = {
						CreatedOnToolsVersion = 11.1;
					};
				};
			};
			buildConfigurationList = 8EB3DA0A23EC84CA00CE4C36 /* Build configuration list for PBXProject "Fumes" */;
			compatibilityVersion = "Xcode 9.3";
			developmentRegion = en;
			hasScannedForEncodings = 0;
			knownRegions = (
				en,
				Base,
			);
			mainGroup = 8EB3DA0623EC84CA00CE4C36;
			packageReferences = (
				8E71460023F35134000C413A /* XCRemoteSwiftPackageReference "DashDashSwift" */,
			);
			productRefGroup = 8EB3DA1023EC84CA00CE4C36 /* Products */;
			projectDirPath = "";
			projectRoot = "";
			targets = (
				8EB3DA0E23EC84CA00CE4C36 /* Fumes */,
				8EB3DA2023EC859100CE4C36 /* FumesTests */,
			);
		};
/* End PBXProject section */

/* Begin PBXResourcesBuildPhase section */
		8EB3DA1F23EC859100CE4C36 /* Resources */ = {
			isa = PBXResourcesBuildPhase;
			buildActionMask = 2147483647;
			files = (
				8EB3DA2A23EC863D00CE4C36 /* fixtures in Resources */,
			);
			runOnlyForDeploymentPostprocessing = 0;
		};
/* End PBXResourcesBuildPhase section */

/* Begin PBXShellScriptBuildPhase section */
		8E7D375023F4653E002039C4 /* Copy to ../bin/fumes */ = {
			isa = PBXShellScriptBuildPhase;
			buildActionMask = 2147483647;
			files = (
			);
			inputFileListPaths = (
			);
			inputPaths = (
			);
			name = "Copy to ../bin/fumes";
			outputFileListPaths = (
			);
			outputPaths = (
			);
			runOnlyForDeploymentPostprocessing = 0;
			shellPath = /bin/sh;
			shellScript = "cp ${BUILT_PRODUCTS_DIR}/${EXECUTABLE_NAME} ${PROJECT_DIR}/../bin/fumes\n";
			showEnvVarsInLog = 0;
		};
/* End PBXShellScriptBuildPhase section */

/* Begin PBXSourcesBuildPhase section */
		8EB3DA0B23EC84CA00CE4C36 /* Sources */ = {
			isa = PBXSourcesBuildPhase;
			buildActionMask = 2147483647;
			files = (
				8EB3DA2C23EC877000CE4C36 /* PaintCodeTranspiler.swift in Sources */,
				8EB3DA3223ECAFA700CE4C36 /* Variable.swift in Sources */,
				8EB3DA4423ECC3A200CE4C36 /* PaintCodeTranspilerConfig.swift in Sources */,
				8EB3DA1323EC84CA00CE4C36 /* main.swift in Sources */,
				8EB3DA3523ECAFDB00CE4C36 /* ColorVariable.swift in Sources */,
				8EB3DA3E23ECB22900CE4C36 /* FontVariable.swift in Sources */,
				8EB3DA3B23ECB08A00CE4C36 /* TextVariable.swift in Sources */,
			);
			runOnlyForDeploymentPostprocessing = 0;
		};
		8EB3DA1D23EC859100CE4C36 /* Sources */ = {
			isa = PBXSourcesBuildPhase;
			buildActionMask = 2147483647;
			files = (
				8EB3DA3023EC8C2A00CE4C36 /* PaintCodeTranspiler.swift in Sources */,
				8EB3DA3323ECAFAA00CE4C36 /* Variable.swift in Sources */,
				8EB3DA4523ECC3A200CE4C36 /* PaintCodeTranspilerConfig.swift in Sources */,
				8EB3DA2423EC859100CE4C36 /* FumesTests.swift in Sources */,
				8EB3DA3623ECAFDD00CE4C36 /* ColorVariable.swift in Sources */,
				8EB3DA3F23ECB22A00CE4C36 /* FontVariable.swift in Sources */,
				8EB3DA3C23ECB1EA00CE4C36 /* TextVariable.swift in Sources */,
			);
			runOnlyForDeploymentPostprocessing = 0;
		};
/* End PBXSourcesBuildPhase section */

/* Begin XCBuildConfiguration section */
		8EB3DA1423EC84CA00CE4C36 /* Debug */ = {
			isa = XCBuildConfiguration;
			buildSettings = {
				ALWAYS_SEARCH_USER_PATHS = NO;
				CLANG_ANALYZER_NONNULL = YES;
				CLANG_ANALYZER_NUMBER_OBJECT_CONVERSION = YES_AGGRESSIVE;
				CLANG_CXX_LANGUAGE_STANDARD = "gnu++14";
				CLANG_CXX_LIBRARY = "libc++";
				CLANG_ENABLE_MODULES = YES;
				CLANG_ENABLE_OBJC_ARC = YES;
				CLANG_ENABLE_OBJC_WEAK = YES;
				CLANG_WARN_BLOCK_CAPTURE_AUTORELEASING = YES;
				CLANG_WARN_BOOL_CONVERSION = YES;
				CLANG_WARN_COMMA = YES;
				CLANG_WARN_CONSTANT_CONVERSION = YES;
				CLANG_WARN_DEPRECATED_OBJC_IMPLEMENTATIONS = YES;
				CLANG_WARN_DIRECT_OBJC_ISA_USAGE = YES_ERROR;
				CLANG_WARN_DOCUMENTATION_COMMENTS = YES;
				CLANG_WARN_EMPTY_BODY = YES;
				CLANG_WARN_ENUM_CONVERSION = YES;
				CLANG_WARN_INFINITE_RECURSION = YES;
				CLANG_WARN_INT_CONVERSION = YES;
				CLANG_WARN_NON_LITERAL_NULL_CONVERSION = YES;
				CLANG_WARN_OBJC_IMPLICIT_RETAIN_SELF = YES;
				CLANG_WARN_OBJC_LITERAL_CONVERSION = YES;
				CLANG_WARN_OBJC_ROOT_CLASS = YES_ERROR;
				CLANG_WARN_RANGE_LOOP_ANALYSIS = YES;
				CLANG_WARN_STRICT_PROTOTYPES = YES;
				CLANG_WARN_SUSPICIOUS_MOVE = YES;
				CLANG_WARN_UNGUARDED_AVAILABILITY = YES_AGGRESSIVE;
				CLANG_WARN_UNREACHABLE_CODE = YES;
				CLANG_WARN__DUPLICATE_METHOD_MATCH = YES;
				COPY_PHASE_STRIP = NO;
				DEBUG_INFORMATION_FORMAT = dwarf;
				ENABLE_STRICT_OBJC_MSGSEND = YES;
				ENABLE_TESTABILITY = YES;
				GCC_C_LANGUAGE_STANDARD = gnu11;
				GCC_DYNAMIC_NO_PIC = NO;
				GCC_NO_COMMON_BLOCKS = YES;
				GCC_OPTIMIZATION_LEVEL = 0;
				GCC_PREPROCESSOR_DEFINITIONS = (
					"DEBUG=1",
					"$(inherited)",
				);
				GCC_WARN_64_TO_32_BIT_CONVERSION = YES;
				GCC_WARN_ABOUT_RETURN_TYPE = YES_ERROR;
				GCC_WARN_UNDECLARED_SELECTOR = YES;
				GCC_WARN_UNINITIALIZED_AUTOS = YES_AGGRESSIVE;
				GCC_WARN_UNUSED_FUNCTION = YES;
				GCC_WARN_UNUSED_VARIABLE = YES;
				MACOSX_DEPLOYMENT_TARGET = 10.15;
				MTL_ENABLE_DEBUG_INFO = INCLUDE_SOURCE;
				MTL_FAST_MATH = YES;
				ONLY_ACTIVE_ARCH = YES;
				SDKROOT = macosx;
				SWIFT_ACTIVE_COMPILATION_CONDITIONS = DEBUG;
				SWIFT_OPTIMIZATION_LEVEL = "-Onone";
			};
			name = Debug;
		};
		8EB3DA1523EC84CA00CE4C36 /* Release */ = {
			isa = XCBuildConfiguration;
			buildSettings = {
				ALWAYS_SEARCH_USER_PATHS = NO;
				CLANG_ANALYZER_NONNULL = YES;
				CLANG_ANALYZER_NUMBER_OBJECT_CONVERSION = YES_AGGRESSIVE;
				CLANG_CXX_LANGUAGE_STANDARD = "gnu++14";
				CLANG_CXX_LIBRARY = "libc++";
				CLANG_ENABLE_MODULES = YES;
				CLANG_ENABLE_OBJC_ARC = YES;
				CLANG_ENABLE_OBJC_WEAK = YES;
				CLANG_WARN_BLOCK_CAPTURE_AUTORELEASING = YES;
				CLANG_WARN_BOOL_CONVERSION = YES;
				CLANG_WARN_COMMA = YES;
				CLANG_WARN_CONSTANT_CONVERSION = YES;
				CLANG_WARN_DEPRECATED_OBJC_IMPLEMENTATIONS = YES;
				CLANG_WARN_DIRECT_OBJC_ISA_USAGE = YES_ERROR;
				CLANG_WARN_DOCUMENTATION_COMMENTS = YES;
				CLANG_WARN_EMPTY_BODY = YES;
				CLANG_WARN_ENUM_CONVERSION = YES;
				CLANG_WARN_INFINITE_RECURSION = YES;
				CLANG_WARN_INT_CONVERSION = YES;
				CLANG_WARN_NON_LITERAL_NULL_CONVERSION = YES;
				CLANG_WARN_OBJC_IMPLICIT_RETAIN_SELF = YES;
				CLANG_WARN_OBJC_LITERAL_CONVERSION = YES;
				CLANG_WARN_OBJC_ROOT_CLASS = YES_ERROR;
				CLANG_WARN_RANGE_LOOP_ANALYSIS = YES;
				CLANG_WARN_STRICT_PROTOTYPES = YES;
				CLANG_WARN_SUSPICIOUS_MOVE = YES;
				CLANG_WARN_UNGUARDED_AVAILABILITY = YES_AGGRESSIVE;
				CLANG_WARN_UNREACHABLE_CODE = YES;
				CLANG_WARN__DUPLICATE_METHOD_MATCH = YES;
				COPY_PHASE_STRIP = NO;
				DEBUG_INFORMATION_FORMAT = "dwarf-with-dsym";
				ENABLE_NS_ASSERTIONS = NO;
				ENABLE_STRICT_OBJC_MSGSEND = YES;
				GCC_C_LANGUAGE_STANDARD = gnu11;
				GCC_NO_COMMON_BLOCKS = YES;
				GCC_WARN_64_TO_32_BIT_CONVERSION = YES;
				GCC_WARN_ABOUT_RETURN_TYPE = YES_ERROR;
				GCC_WARN_UNDECLARED_SELECTOR = YES;
				GCC_WARN_UNINITIALIZED_AUTOS = YES_AGGRESSIVE;
				GCC_WARN_UNUSED_FUNCTION = YES;
				GCC_WARN_UNUSED_VARIABLE = YES;
				MACOSX_DEPLOYMENT_TARGET = 10.15;
				MTL_ENABLE_DEBUG_INFO = NO;
				MTL_FAST_MATH = YES;
				SDKROOT = macosx;
				SWIFT_COMPILATION_MODE = wholemodule;
				SWIFT_OPTIMIZATION_LEVEL = "-O";
			};
			name = Release;
		};
		8EB3DA1723EC84CA00CE4C36 /* Debug */ = {
			isa = XCBuildConfiguration;
			buildSettings = {
				CODE_SIGN_STYLE = Automatic;
				DEVELOPMENT_TEAM = C3NM52EUU5;
				ENABLE_HARDENED_RUNTIME = YES;
				PRODUCT_NAME = fumes;
				SWIFT_VERSION = 5.0;
			};
			name = Debug;
		};
		8EB3DA1823EC84CA00CE4C36 /* Release */ = {
			isa = XCBuildConfiguration;
			buildSettings = {
				CODE_SIGN_STYLE = Automatic;
				DEVELOPMENT_TEAM = C3NM52EUU5;
				ENABLE_HARDENED_RUNTIME = YES;
				PRODUCT_NAME = fumes;
				SWIFT_VERSION = 5.0;
			};
			name = Release;
		};
		8EB3DA2723EC859100CE4C36 /* Debug */ = {
			isa = XCBuildConfiguration;
			buildSettings = {
				CODE_SIGN_STYLE = Automatic;
				COMBINE_HIDPI_IMAGES = YES;
				DEVELOPMENT_TEAM = C3NM52EUU5;
				INFOPLIST_FILE = FumesTests/Info.plist;
				LD_RUNPATH_SEARCH_PATHS = (
					"$(inherited)",
					"@executable_path/../Frameworks",
					"@loader_path/../Frameworks",
				);
				PRODUCT_BUNDLE_IDENTIFIER = com.betternotesllc.FumesTests;
				PRODUCT_NAME = "$(TARGET_NAME)";
				SWIFT_VERSION = 5.0;
			};
			name = Debug;
		};
		8EB3DA2823EC859100CE4C36 /* Release */ = {
			isa = XCBuildConfiguration;
			buildSettings = {
				CODE_SIGN_STYLE = Automatic;
				COMBINE_HIDPI_IMAGES = YES;
				DEVELOPMENT_TEAM = C3NM52EUU5;
				INFOPLIST_FILE = FumesTests/Info.plist;
				LD_RUNPATH_SEARCH_PATHS = (
					"$(inherited)",
					"@executable_path/../Frameworks",
					"@loader_path/../Frameworks",
				);
				PRODUCT_BUNDLE_IDENTIFIER = com.betternotesllc.FumesTests;
				PRODUCT_NAME = "$(TARGET_NAME)";
				SWIFT_VERSION = 5.0;
			};
			name = Release;
		};
/* End XCBuildConfiguration section */

/* Begin XCConfigurationList section */
		8EB3DA0A23EC84CA00CE4C36 /* Build configuration list for PBXProject "Fumes" */ = {
			isa = XCConfigurationList;
			buildConfigurations = (
				8EB3DA1423EC84CA00CE4C36 /* Debug */,
				8EB3DA1523EC84CA00CE4C36 /* Release */,
			);
			defaultConfigurationIsVisible = 0;
			defaultConfigurationName = Release;
		};
		8EB3DA1623EC84CA00CE4C36 /* Build configuration list for PBXNativeTarget "Fumes" */ = {
			isa = XCConfigurationList;
			buildConfigurations = (
				8EB3DA1723EC84CA00CE4C36 /* Debug */,
				8EB3DA1823EC84CA00CE4C36 /* Release */,
			);
			defaultConfigurationIsVisible = 0;
			defaultConfigurationName = Release;
		};
		8EB3DA2623EC859100CE4C36 /* Build configuration list for PBXNativeTarget "FumesTests" */ = {
			isa = XCConfigurationList;
			buildConfigurations = (
				8EB3DA2723EC859100CE4C36 /* Debug */,
				8EB3DA2823EC859100CE4C36 /* Release */,
			);
			defaultConfigurationIsVisible = 0;
			defaultConfigurationName = Release;
		};
/* End XCConfigurationList section */

/* Begin XCRemoteSwiftPackageReference section */
		8E71460023F35134000C413A /* XCRemoteSwiftPackageReference "DashDashSwift" */ = {
			isa = XCRemoteSwiftPackageReference;
			repositoryURL = "https://github.com/chrisladd/DashDashSwift";
			requirement = {
				branch = master;
				kind = branch;
			};
		};
/* End XCRemoteSwiftPackageReference section */

/* Begin XCSwiftPackageProductDependency section */
		8E71460123F35134000C413A /* DashDashSwift */ = {
			isa = XCSwiftPackageProductDependency;
			package = 8E71460023F35134000C413A /* XCRemoteSwiftPackageReference "DashDashSwift" */;
			productName = DashDashSwift;
		};
/* End XCSwiftPackageProductDependency section */
	};
	rootObject = 8EB3DA0723EC84CA00CE4C36 /* Project object */;
}
