{
  "object": {
    "pins": [
      {
        "package": "DashDashSwift",
        "repositoryURL": "https://github.com/chrisladd/DashDashSwift.git",
        "state": {
          "branch": null,
          "revision": "337b479ee2c336fac595c39bfcf30ef0c62b36e6",
          "version": "0.4.0"
        }
      }
    ]
  },
  "version": 1
}
