{
  "object": {
    "pins": [
      {
        "package": "DashDashSwift",
        "repositoryURL": "https://github.com/chrisladd/DashDashSwift",
        "state": {
          "branch": null,
          "revision": "1da1113c822ae6cddfb4aa4e792642cc7c742af7",
          "version": "0.1.0"
        }
      }
    ]
  },
  "version": 1
}
