{
  "object": {
    "pins": [
      {
        "package": "DashDashSwift",
        "repositoryURL": "https://github.com/chrisladd/DashDashSwift",
        "state": {
          "branch": null,
          "revision": "7c36c7db18e6a17c2ccd66d5b39357168f045c3b",
          "version": "0.2.0"
        }
      }
    ]
  },
  "version": 1
}
